// !$*UTF8*$!
{
	archiveVersion = 1;
	classes = {
	};
	objectVersion = 46;
	objects = {

/* Begin PBXBuildFile section */
		1E8DB1021C826C7A0014BEFC /* AppDelegate.swift in Sources */ = {isa = PBXBuildFile; fileRef = 1E8DB1011C826C7A0014BEFC /* AppDelegate.swift */; };
		1E8DB1041C826C7A0014BEFC /* ViewController.swift in Sources */ = {isa = PBXBuildFile; fileRef = 1E8DB1031C826C7A0014BEFC /* ViewController.swift */; };
		1E8DB1071C826C7A0014BEFC /* Main.storyboard in Resources */ = {isa = PBXBuildFile; fileRef = 1E8DB1051C826C7A0014BEFC /* Main.storyboard */; };
		1E8DB1091C826C7A0014BEFC /* Assets.xcassets in Resources */ = {isa = PBXBuildFile; fileRef = 1E8DB1081C826C7A0014BEFC /* Assets.xcassets */; };
		1E8DB10C1C826C7A0014BEFC /* LaunchScreen.storyboard in Resources */ = {isa = PBXBuildFile; fileRef = 1E8DB10A1C826C7A0014BEFC /* LaunchScreen.storyboard */; };
		1E8DB1171C826C7A0014BEFC /* RackScoutTests.swift in Sources */ = {isa = PBXBuildFile; fileRef = 1E8DB1161C826C7A0014BEFC /* RackScoutTests.swift */; };
		1E8DB1221C826C7A0014BEFC /* RackScoutUITests.swift in Sources */ = {isa = PBXBuildFile; fileRef = 1E8DB1211C826C7A0014BEFC /* RackScoutUITests.swift */; };
		1EA241631C83C3F90077DF47 /* Firebase.framework in Frameworks */ = {isa = PBXBuildFile; fileRef = 1EA241611C83C3F90077DF47 /* Firebase.framework */; };
		1EA241661C83C4950077DF47 /* CFNetwork.framework in Frameworks */ = {isa = PBXBuildFile; fileRef = 1EA241651C83C4950077DF47 /* CFNetwork.framework */; };
		1EA241681C83C49F0077DF47 /* Security.framework in Frameworks */ = {isa = PBXBuildFile; fileRef = 1EA241671C83C49F0077DF47 /* Security.framework */; };
		1EA2416A1C83C4AC0077DF47 /* SystemConfiguration.framework in Frameworks */ = {isa = PBXBuildFile; fileRef = 1EA241691C83C4AC0077DF47 /* SystemConfiguration.framework */; };
		1EA2416C1C83C57F0077DF47 /* libicucore.tbd in Frameworks */ = {isa = PBXBuildFile; fileRef = 1EA2416B1C83C57F0077DF47 /* libicucore.tbd */; };
		1EA2416E1C83C58B0077DF47 /* libc++.tbd in Frameworks */ = {isa = PBXBuildFile; fileRef = 1EA2416D1C83C58B0077DF47 /* libc++.tbd */; };
		1EA241701C83C7C50077DF47 /* CoreLocation.framework in Frameworks */ = {isa = PBXBuildFile; fileRef = 1EA2416F1C83C7C50077DF47 /* CoreLocation.framework */; };
		1EA241791C83CC5A0077DF47 /* GeoFire.framework in Frameworks */ = {isa = PBXBuildFile; fileRef = 1EA241781C83CC5A0077DF47 /* GeoFire.framework */; };
		1EF38FD41C83BB0E00FA1AF1 /* BikeRack.swift in Sources */ = {isa = PBXBuildFile; fileRef = 1EF38FD31C83BB0E00FA1AF1 /* BikeRack.swift */; };
/* End PBXBuildFile section */

/* Begin PBXContainerItemProxy section */
		1E8DB1131C826C7A0014BEFC /* PBXContainerItemProxy */ = {
			isa = PBXContainerItemProxy;
			containerPortal = 1E8DB0F61C826C7A0014BEFC /* Project object */;
			proxyType = 1;
			remoteGlobalIDString = 1E8DB0FD1C826C7A0014BEFC;
			remoteInfo = RackScout;
		};
		1E8DB11E1C826C7A0014BEFC /* PBXContainerItemProxy */ = {
			isa = PBXContainerItemProxy;
			containerPortal = 1E8DB0F61C826C7A0014BEFC /* Project object */;
			proxyType = 1;
			remoteGlobalIDString = 1E8DB0FD1C826C7A0014BEFC;
			remoteInfo = RackScout;
		};
/* End PBXContainerItemProxy section */

/* Begin PBXFileReference section */
		1E8DB0FE1C826C7A0014BEFC /* RackScout.app */ = {isa = PBXFileReference; explicitFileType = wrapper.application; includeInIndex = 0; path = RackScout.app; sourceTree = BUILT_PRODUCTS_DIR; };
		1E8DB1011C826C7A0014BEFC /* AppDelegate.swift */ = {isa = PBXFileReference; lastKnownFileType = sourcecode.swift; path = AppDelegate.swift; sourceTree = "<group>"; };
		1E8DB1031C826C7A0014BEFC /* ViewController.swift */ = {isa = PBXFileReference; lastKnownFileType = sourcecode.swift; name = ViewController.swift; path = ../ViewController.swift; sourceTree = "<group>"; };
		1E8DB1061C826C7A0014BEFC /* Base */ = {isa = PBXFileReference; lastKnownFileType = file.storyboard; name = Base; path = Base.lproj/Main.storyboard; sourceTree = "<group>"; };
		1E8DB1081C826C7A0014BEFC /* Assets.xcassets */ = {isa = PBXFileReference; lastKnownFileType = folder.assetcatalog; path = Assets.xcassets; sourceTree = "<group>"; };
		1E8DB10B1C826C7A0014BEFC /* Base */ = {isa = PBXFileReference; lastKnownFileType = file.storyboard; name = Base; path = Base.lproj/LaunchScreen.storyboard; sourceTree = "<group>"; };
		1E8DB10D1C826C7A0014BEFC /* Info.plist */ = {isa = PBXFileReference; lastKnownFileType = text.plist.xml; path = Info.plist; sourceTree = "<group>"; };
		1E8DB1121C826C7A0014BEFC /* RackScoutTests.xctest */ = {isa = PBXFileReference; explicitFileType = wrapper.cfbundle; includeInIndex = 0; path = RackScoutTests.xctest; sourceTree = BUILT_PRODUCTS_DIR; };
		1E8DB1161C826C7A0014BEFC /* RackScoutTests.swift */ = {isa = PBXFileReference; lastKnownFileType = sourcecode.swift; path = RackScoutTests.swift; sourceTree = "<group>"; };
		1E8DB1181C826C7A0014BEFC /* Info.plist */ = {isa = PBXFileReference; lastKnownFileType = text.plist.xml; path = Info.plist; sourceTree = "<group>"; };
		1E8DB11D1C826C7A0014BEFC /* RackScoutUITests.xctest */ = {isa = PBXFileReference; explicitFileType = wrapper.cfbundle; includeInIndex = 0; path = RackScoutUITests.xctest; sourceTree = BUILT_PRODUCTS_DIR; };
		1E8DB1211C826C7A0014BEFC /* RackScoutUITests.swift */ = {isa = PBXFileReference; lastKnownFileType = sourcecode.swift; path = RackScoutUITests.swift; sourceTree = "<group>"; };
		1E8DB1231C826C7A0014BEFC /* Info.plist */ = {isa = PBXFileReference; lastKnownFileType = text.plist.xml; path = Info.plist; sourceTree = "<group>"; };
		1EA241611C83C3F90077DF47 /* Firebase.framework */ = {isa = PBXFileReference; lastKnownFileType = wrapper.framework; path = Firebase.framework; sourceTree = "<group>"; };
		1EA241651C83C4950077DF47 /* CFNetwork.framework */ = {isa = PBXFileReference; lastKnownFileType = wrapper.framework; name = CFNetwork.framework; path = System/Library/Frameworks/CFNetwork.framework; sourceTree = SDKROOT; };
		1EA241671C83C49F0077DF47 /* Security.framework */ = {isa = PBXFileReference; lastKnownFileType = wrapper.framework; name = Security.framework; path = System/Library/Frameworks/Security.framework; sourceTree = SDKROOT; };
		1EA241691C83C4AC0077DF47 /* SystemConfiguration.framework */ = {isa = PBXFileReference; lastKnownFileType = wrapper.framework; name = SystemConfiguration.framework; path = System/Library/Frameworks/SystemConfiguration.framework; sourceTree = SDKROOT; };
		1EA2416B1C83C57F0077DF47 /* libicucore.tbd */ = {isa = PBXFileReference; lastKnownFileType = "sourcecode.text-based-dylib-definition"; name = libicucore.tbd; path = usr/lib/libicucore.tbd; sourceTree = SDKROOT; };
		1EA2416D1C83C58B0077DF47 /* libc++.tbd */ = {isa = PBXFileReference; lastKnownFileType = "sourcecode.text-based-dylib-definition"; name = "libc++.tbd"; path = "usr/lib/libc++.tbd"; sourceTree = SDKROOT; };
		1EA2416F1C83C7C50077DF47 /* CoreLocation.framework */ = {isa = PBXFileReference; lastKnownFileType = wrapper.framework; name = CoreLocation.framework; path = System/Library/Frameworks/CoreLocation.framework; sourceTree = SDKROOT; };
		1EA241781C83CC5A0077DF47 /* GeoFire.framework */ = {isa = PBXFileReference; lastKnownFileType = wrapper.framework; path = GeoFire.framework; sourceTree = "<group>"; };
		1EA2417B1C83CEA10077DF47 /* RackScout-Bridging-Header.h */ = {isa = PBXFileReference; lastKnownFileType = sourcecode.c.h; path = "RackScout-Bridging-Header.h"; sourceTree = "<group>"; };
		1EF38FD31C83BB0E00FA1AF1 /* BikeRack.swift */ = {isa = PBXFileReference; fileEncoding = 4; lastKnownFileType = sourcecode.swift; path = BikeRack.swift; sourceTree = "<group>"; };
/* End PBXFileReference section */

/* Begin PBXFrameworksBuildPhase section */
		1E8DB0FB1C826C7A0014BEFC /* Frameworks */ = {
			isa = PBXFrameworksBuildPhase;
			buildActionMask = 2147483647;
			files = (
				1EA241701C83C7C50077DF47 /* CoreLocation.framework in Frameworks */,
				1EA2416E1C83C58B0077DF47 /* libc++.tbd in Frameworks */,
				1EA2416C1C83C57F0077DF47 /* libicucore.tbd in Frameworks */,
				1EA2416A1C83C4AC0077DF47 /* SystemConfiguration.framework in Frameworks */,
				1EA241681C83C49F0077DF47 /* Security.framework in Frameworks */,
				1EA241661C83C4950077DF47 /* CFNetwork.framework in Frameworks */,
				1EA241791C83CC5A0077DF47 /* GeoFire.framework in Frameworks */,
				1EA241631C83C3F90077DF47 /* Firebase.framework in Frameworks */,
			);
			runOnlyForDeploymentPostprocessing = 0;
		};
		1E8DB10F1C826C7A0014BEFC /* Frameworks */ = {
			isa = PBXFrameworksBuildPhase;
			buildActionMask = 2147483647;
			files = (
			);
			runOnlyForDeploymentPostprocessing = 0;
		};
		1E8DB11A1C826C7A0014BEFC /* Frameworks */ = {
			isa = PBXFrameworksBuildPhase;
			buildActionMask = 2147483647;
			files = (
			);
			runOnlyForDeploymentPostprocessing = 0;
		};
/* End PBXFrameworksBuildPhase section */

/* Begin PBXGroup section */
		1E8DB0F51C826C7A0014BEFC = {
			isa = PBXGroup;
			children = (
				1E8DB1001C826C7A0014BEFC /* RackScout */,
				1E8DB1151C826C7A0014BEFC /* RackScoutTests */,
				1E8DB1201C826C7A0014BEFC /* RackScoutUITests */,
				1E8DB0FF1C826C7A0014BEFC /* Products */,
				71D10A6A08ED49C7B7B9B7A7 /* Frameworks */,
			);
			sourceTree = "<group>";
		};
		1E8DB0FF1C826C7A0014BEFC /* Products */ = {
			isa = PBXGroup;
			children = (
				1E8DB0FE1C826C7A0014BEFC /* RackScout.app */,
				1E8DB1121C826C7A0014BEFC /* RackScoutTests.xctest */,
				1E8DB11D1C826C7A0014BEFC /* RackScoutUITests.xctest */,
			);
			name = Products;
			sourceTree = "<group>";
		};
		1E8DB1001C826C7A0014BEFC /* RackScout */ = {
			isa = PBXGroup;
			children = (
				1EF38FD21C83BABD00FA1AF1 /* Models */,
				1EF38FD11C83BA7600FA1AF1 /* ViewControllers */,
				1E8DB1011C826C7A0014BEFC /* AppDelegate.swift */,
				1E8DB1051C826C7A0014BEFC /* Main.storyboard */,
				1E8DB1081C826C7A0014BEFC /* Assets.xcassets */,
				1E8DB10A1C826C7A0014BEFC /* LaunchScreen.storyboard */,
				1E8DB10D1C826C7A0014BEFC /* Info.plist */,
				1EA2417B1C83CEA10077DF47 /* RackScout-Bridging-Header.h */,
			);
			path = RackScout;
			sourceTree = "<group>";
		};
		1E8DB1151C826C7A0014BEFC /* RackScoutTests */ = {
			isa = PBXGroup;
			children = (
				1E8DB1161C826C7A0014BEFC /* RackScoutTests.swift */,
				1E8DB1181C826C7A0014BEFC /* Info.plist */,
			);
			path = RackScoutTests;
			sourceTree = "<group>";
		};
		1E8DB1201C826C7A0014BEFC /* RackScoutUITests */ = {
			isa = PBXGroup;
			children = (
				1E8DB1211C826C7A0014BEFC /* RackScoutUITests.swift */,
				1E8DB1231C826C7A0014BEFC /* Info.plist */,
			);
			path = RackScoutUITests;
			sourceTree = "<group>";
		};
		1EF38FD11C83BA7600FA1AF1 /* ViewControllers */ = {
			isa = PBXGroup;
			children = (
				1E8DB1031C826C7A0014BEFC /* ViewController.swift */,
			);
			path = ViewControllers;
			sourceTree = "<group>";
		};
		1EF38FD21C83BABD00FA1AF1 /* Models */ = {
			isa = PBXGroup;
			children = (
				1EF38FD31C83BB0E00FA1AF1 /* BikeRack.swift */,
			);
			path = Models;
			sourceTree = "<group>";
		};
		71D10A6A08ED49C7B7B9B7A7 /* Frameworks */ = {
			isa = PBXGroup;
			children = (
				1EA241781C83CC5A0077DF47 /* GeoFire.framework */,
				1EA2416F1C83C7C50077DF47 /* CoreLocation.framework */,
				1EA2416D1C83C58B0077DF47 /* libc++.tbd */,
				1EA2416B1C83C57F0077DF47 /* libicucore.tbd */,
				1EA241691C83C4AC0077DF47 /* SystemConfiguration.framework */,
				1EA241671C83C49F0077DF47 /* Security.framework */,
				1EA241651C83C4950077DF47 /* CFNetwork.framework */,
				1EA241611C83C3F90077DF47 /* Firebase.framework */,
			);
			name = Frameworks;
			sourceTree = "<group>";
		};
/* End PBXGroup section */

/* Begin PBXNativeTarget section */
		1E8DB0FD1C826C7A0014BEFC /* RackScout */ = {
			isa = PBXNativeTarget;
			buildConfigurationList = 1E8DB1261C826C7A0014BEFC /* Build configuration list for PBXNativeTarget "RackScout" */;
			buildPhases = (
				1E8DB0FA1C826C7A0014BEFC /* Sources */,
				1E8DB0FB1C826C7A0014BEFC /* Frameworks */,
				1E8DB0FC1C826C7A0014BEFC /* Resources */,
			);
			buildRules = (
			);
			dependencies = (
			);
			name = RackScout;
			productName = RackScout;
			productReference = 1E8DB0FE1C826C7A0014BEFC /* RackScout.app */;
			productType = "com.apple.product-type.application";
		};
		1E8DB1111C826C7A0014BEFC /* RackScoutTests */ = {
			isa = PBXNativeTarget;
			buildConfigurationList = 1E8DB1291C826C7A0014BEFC /* Build configuration list for PBXNativeTarget "RackScoutTests" */;
			buildPhases = (
				1E8DB10E1C826C7A0014BEFC /* Sources */,
				1E8DB10F1C826C7A0014BEFC /* Frameworks */,
				1E8DB1101C826C7A0014BEFC /* Resources */,
			);
			buildRules = (
			);
			dependencies = (
				1E8DB1141C826C7A0014BEFC /* PBXTargetDependency */,
			);
			name = RackScoutTests;
			productName = RackScoutTests;
			productReference = 1E8DB1121C826C7A0014BEFC /* RackScoutTests.xctest */;
			productType = "com.apple.product-type.bundle.unit-test";
		};
		1E8DB11C1C826C7A0014BEFC /* RackScoutUITests */ = {
			isa = PBXNativeTarget;
			buildConfigurationList = 1E8DB12C1C826C7A0014BEFC /* Build configuration list for PBXNativeTarget "RackScoutUITests" */;
			buildPhases = (
				1E8DB1191C826C7A0014BEFC /* Sources */,
				1E8DB11A1C826C7A0014BEFC /* Frameworks */,
				1E8DB11B1C826C7A0014BEFC /* Resources */,
			);
			buildRules = (
			);
			dependencies = (
				1E8DB11F1C826C7A0014BEFC /* PBXTargetDependency */,
			);
			name = RackScoutUITests;
			productName = RackScoutUITests;
			productReference = 1E8DB11D1C826C7A0014BEFC /* RackScoutUITests.xctest */;
			productType = "com.apple.product-type.bundle.ui-testing";
		};
/* End PBXNativeTarget section */

/* Begin PBXProject section */
		1E8DB0F61C826C7A0014BEFC /* Project object */ = {
			isa = PBXProject;
			attributes = {
				LastSwiftUpdateCheck = 0720;
				LastUpgradeCheck = 0720;
				ORGANIZATIONNAME = "Kevin Li";
				TargetAttributes = {
					1E8DB0FD1C826C7A0014BEFC = {
						CreatedOnToolsVersion = 7.2.1;
					};
					1E8DB1111C826C7A0014BEFC = {
						CreatedOnToolsVersion = 7.2.1;
						TestTargetID = 1E8DB0FD1C826C7A0014BEFC;
					};
					1E8DB11C1C826C7A0014BEFC = {
						CreatedOnToolsVersion = 7.2.1;
						TestTargetID = 1E8DB0FD1C826C7A0014BEFC;
					};
				};
			};
			buildConfigurationList = 1E8DB0F91C826C7A0014BEFC /* Build configuration list for PBXProject "RackScout" */;
			compatibilityVersion = "Xcode 3.2";
			developmentRegion = English;
			hasScannedForEncodings = 0;
			knownRegions = (
				en,
				Base,
			);
			mainGroup = 1E8DB0F51C826C7A0014BEFC;
			productRefGroup = 1E8DB0FF1C826C7A0014BEFC /* Products */;
			projectDirPath = "";
			projectRoot = "";
			targets = (
				1E8DB0FD1C826C7A0014BEFC /* RackScout */,
				1E8DB1111C826C7A0014BEFC /* RackScoutTests */,
				1E8DB11C1C826C7A0014BEFC /* RackScoutUITests */,
			);
		};
/* End PBXProject section */

/* Begin PBXResourcesBuildPhase section */
		1E8DB0FC1C826C7A0014BEFC /* Resources */ = {
			isa = PBXResourcesBuildPhase;
			buildActionMask = 2147483647;
			files = (
				1E8DB10C1C826C7A0014BEFC /* LaunchScreen.storyboard in Resources */,
				1E8DB1091C826C7A0014BEFC /* Assets.xcassets in Resources */,
				1E8DB1071C826C7A0014BEFC /* Main.storyboard in Resources */,
			);
			runOnlyForDeploymentPostprocessing = 0;
		};
		1E8DB1101C826C7A0014BEFC /* Resources */ = {
			isa = PBXResourcesBuildPhase;
			buildActionMask = 2147483647;
			files = (
			);
			runOnlyForDeploymentPostprocessing = 0;
		};
		1E8DB11B1C826C7A0014BEFC /* Resources */ = {
			isa = PBXResourcesBuildPhase;
			buildActionMask = 2147483647;
			files = (
			);
			runOnlyForDeploymentPostprocessing = 0;
		};
/* End PBXResourcesBuildPhase section */

/* Begin PBXSourcesBuildPhase section */
		1E8DB0FA1C826C7A0014BEFC /* Sources */ = {
			isa = PBXSourcesBuildPhase;
			buildActionMask = 2147483647;
			files = (
				1E8DB1041C826C7A0014BEFC /* ViewController.swift in Sources */,
				1E8DB1021C826C7A0014BEFC /* AppDelegate.swift in Sources */,
				1EF38FD41C83BB0E00FA1AF1 /* BikeRack.swift in Sources */,
			);
			runOnlyForDeploymentPostprocessing = 0;
		};
		1E8DB10E1C826C7A0014BEFC /* Sources */ = {
			isa = PBXSourcesBuildPhase;
			buildActionMask = 2147483647;
			files = (
				1E8DB1171C826C7A0014BEFC /* RackScoutTests.swift in Sources */,
			);
			runOnlyForDeploymentPostprocessing = 0;
		};
		1E8DB1191C826C7A0014BEFC /* Sources */ = {
			isa = PBXSourcesBuildPhase;
			buildActionMask = 2147483647;
			files = (
				1E8DB1221C826C7A0014BEFC /* RackScoutUITests.swift in Sources */,
			);
			runOnlyForDeploymentPostprocessing = 0;
		};
/* End PBXSourcesBuildPhase section */

/* Begin PBXTargetDependency section */
		1E8DB1141C826C7A0014BEFC /* PBXTargetDependency */ = {
			isa = PBXTargetDependency;
			target = 1E8DB0FD1C826C7A0014BEFC /* RackScout */;
			targetProxy = 1E8DB1131C826C7A0014BEFC /* PBXContainerItemProxy */;
		};
		1E8DB11F1C826C7A0014BEFC /* PBXTargetDependency */ = {
			isa = PBXTargetDependency;
			target = 1E8DB0FD1C826C7A0014BEFC /* RackScout */;
			targetProxy = 1E8DB11E1C826C7A0014BEFC /* PBXContainerItemProxy */;
		};
/* End PBXTargetDependency section */

/* Begin PBXVariantGroup section */
		1E8DB1051C826C7A0014BEFC /* Main.storyboard */ = {
			isa = PBXVariantGroup;
			children = (
				1E8DB1061C826C7A0014BEFC /* Base */,
			);
			name = Main.storyboard;
			sourceTree = "<group>";
		};
		1E8DB10A1C826C7A0014BEFC /* LaunchScreen.storyboard */ = {
			isa = PBXVariantGroup;
			children = (
				1E8DB10B1C826C7A0014BEFC /* Base */,
			);
			name = LaunchScreen.storyboard;
			sourceTree = "<group>";
		};
/* End PBXVariantGroup section */

/* Begin XCBuildConfiguration section */
		1E8DB1241C826C7A0014BEFC /* Debug */ = {
			isa = XCBuildConfiguration;
			buildSettings = {
				ALWAYS_SEARCH_USER_PATHS = NO;
				CLANG_CXX_LANGUAGE_STANDARD = "gnu++0x";
				CLANG_CXX_LIBRARY = "libc++";
				CLANG_ENABLE_MODULES = YES;
				CLANG_ENABLE_OBJC_ARC = YES;
				CLANG_WARN_BOOL_CONVERSION = YES;
				CLANG_WARN_CONSTANT_CONVERSION = YES;
				CLANG_WARN_DIRECT_OBJC_ISA_USAGE = YES_ERROR;
				CLANG_WARN_EMPTY_BODY = YES;
				CLANG_WARN_ENUM_CONVERSION = YES;
				CLANG_WARN_INT_CONVERSION = YES;
				CLANG_WARN_OBJC_ROOT_CLASS = YES_ERROR;
				CLANG_WARN_UNREACHABLE_CODE = YES;
				CLANG_WARN__DUPLICATE_METHOD_MATCH = YES;
				"CODE_SIGN_IDENTITY[sdk=iphoneos*]" = "iPhone Developer";
				COPY_PHASE_STRIP = NO;
				DEBUG_INFORMATION_FORMAT = dwarf;
				ENABLE_STRICT_OBJC_MSGSEND = YES;
				ENABLE_TESTABILITY = YES;
				GCC_C_LANGUAGE_STANDARD = gnu99;
				GCC_DYNAMIC_NO_PIC = NO;
				GCC_NO_COMMON_BLOCKS = YES;
				GCC_OPTIMIZATION_LEVEL = 0;
				GCC_PREPROCESSOR_DEFINITIONS = (
					"DEBUG=1",
					"$(inherited)",
				);
				GCC_WARN_64_TO_32_BIT_CONVERSION = YES;
				GCC_WARN_ABOUT_RETURN_TYPE = YES_ERROR;
				GCC_WARN_UNDECLARED_SELECTOR = YES;
				GCC_WARN_UNINITIALIZED_AUTOS = YES_AGGRESSIVE;
				GCC_WARN_UNUSED_FUNCTION = YES;
				GCC_WARN_UNUSED_VARIABLE = YES;
				IPHONEOS_DEPLOYMENT_TARGET = 9.2;
				MTL_ENABLE_DEBUG_INFO = YES;
				ONLY_ACTIVE_ARCH = YES;
				SDKROOT = iphoneos;
				SWIFT_OPTIMIZATION_LEVEL = "-Onone";
				TARGETED_DEVICE_FAMILY = "1,2";
			};
			name = Debug;
		};
		1E8DB1251C826C7A0014BEFC /* Release */ = {
			isa = XCBuildConfiguration;
			buildSettings = {
				ALWAYS_SEARCH_USER_PATHS = NO;
				CLANG_CXX_LANGUAGE_STANDARD = "gnu++0x";
				CLANG_CXX_LIBRARY = "libc++";
				CLANG_ENABLE_MODULES = YES;
				CLANG_ENABLE_OBJC_ARC = YES;
				CLANG_WARN_BOOL_CONVERSION = YES;
				CLANG_WARN_CONSTANT_CONVERSION = YES;
				CLANG_WARN_DIRECT_OBJC_ISA_USAGE = YES_ERROR;
				CLANG_WARN_EMPTY_BODY = YES;
				CLANG_WARN_ENUM_CONVERSION = YES;
				CLANG_WARN_INT_CONVERSION = YES;
				CLANG_WARN_OBJC_ROOT_CLASS = YES_ERROR;
				CLANG_WARN_UNREACHABLE_CODE = YES;
				CLANG_WARN__DUPLICATE_METHOD_MATCH = YES;
				"CODE_SIGN_IDENTITY[sdk=iphoneos*]" = "iPhone Developer";
				COPY_PHASE_STRIP = NO;
				DEBUG_INFORMATION_FORMAT = "dwarf-with-dsym";
				ENABLE_NS_ASSERTIONS = NO;
				ENABLE_STRICT_OBJC_MSGSEND = YES;
				GCC_C_LANGUAGE_STANDARD = gnu99;
				GCC_NO_COMMON_BLOCKS = YES;
				GCC_WARN_64_TO_32_BIT_CONVERSION = YES;
				GCC_WARN_ABOUT_RETURN_TYPE = YES_ERROR;
				GCC_WARN_UNDECLARED_SELECTOR = YES;
				GCC_WARN_UNINITIALIZED_AUTOS = YES_AGGRESSIVE;
				GCC_WARN_UNUSED_FUNCTION = YES;
				GCC_WARN_UNUSED_VARIABLE = YES;
				IPHONEOS_DEPLOYMENT_TARGET = 9.2;
				MTL_ENABLE_DEBUG_INFO = NO;
				SDKROOT = iphoneos;
				TARGETED_DEVICE_FAMILY = "1,2";
				VALIDATE_PRODUCT = YES;
			};
			name = Release;
		};
		1E8DB1271C826C7A0014BEFC /* Debug */ = {
			isa = XCBuildConfiguration;
			buildSettings = {
				ASSETCATALOG_COMPILER_APPICON_NAME = AppIcon;
				CLANG_ENABLE_MODULES = YES;
				FRAMEWORK_SEARCH_PATHS = (
					"$(inherited)",
					"$(PROJECT_DIR)/build/Debug-iphoneos",
					"$(PROJECT_DIR)",
				);
				INFOPLIST_FILE = RackScout/Info.plist;
				LD_RUNPATH_SEARCH_PATHS = "$(inherited) @executable_path/Frameworks";
				PRODUCT_BUNDLE_IDENTIFIER = com.example.kli.RackScout;
				PRODUCT_NAME = "$(TARGET_NAME)";
				SWIFT_OBJC_BRIDGING_HEADER = "RackScout/RackScout-Bridging-Header.h";
				SWIFT_OPTIMIZATION_LEVEL = "-Onone";
			};
			name = Debug;
		};
		1E8DB1281C826C7A0014BEFC /* Release */ = {
			isa = XCBuildConfiguration;
			buildSettings = {
				ASSETCATALOG_COMPILER_APPICON_NAME = AppIcon;
				CLANG_ENABLE_MODULES = YES;
				FRAMEWORK_SEARCH_PATHS = (
					"$(inherited)",
					"$(PROJECT_DIR)/build/Debug-iphoneos",
					"$(PROJECT_DIR)",
				);
				INFOPLIST_FILE = RackScout/Info.plist;
				LD_RUNPATH_SEARCH_PATHS = "$(inherited) @executable_path/Frameworks";
				PRODUCT_BUNDLE_IDENTIFIER = com.example.kli.RackScout;
				PRODUCT_NAME = "$(TARGET_NAME)";
				SWIFT_OBJC_BRIDGING_HEADER = "RackScout/RackScout-Bridging-Header.h";
			};
			name = Release;
		};
		1E8DB12A1C826C7A0014BEFC /* Debug */ = {
			isa = XCBuildConfiguration;
			buildSettings = {
				BUNDLE_LOADER = "$(TEST_HOST)";
				INFOPLIST_FILE = RackScoutTests/Info.plist;
				LD_RUNPATH_SEARCH_PATHS = "$(inherited) @executable_path/Frameworks @loader_path/Frameworks";
				PRODUCT_BUNDLE_IDENTIFIER = com.example.kli.RackScoutTests;
				PRODUCT_NAME = "$(TARGET_NAME)";
				TEST_HOST = "$(BUILT_PRODUCTS_DIR)/RackScout.app/RackScout";
			};
			name = Debug;
		};
		1E8DB12B1C826C7A0014BEFC /* Release */ = {
			isa = XCBuildConfiguration;
			buildSettings = {
				BUNDLE_LOADER = "$(TEST_HOST)";
				INFOPLIST_FILE = RackScoutTests/Info.plist;
				LD_RUNPATH_SEARCH_PATHS = "$(inherited) @executable_path/Frameworks @loader_path/Frameworks";
				PRODUCT_BUNDLE_IDENTIFIER = com.example.kli.RackScoutTests;
				PRODUCT_NAME = "$(TARGET_NAME)";
				TEST_HOST = "$(BUILT_PRODUCTS_DIR)/RackScout.app/RackScout";
			};
			name = Release;
		};
		1E8DB12D1C826C7A0014BEFC /* Debug */ = {
			isa = XCBuildConfiguration;
			buildSettings = {
				INFOPLIST_FILE = RackScoutUITests/Info.plist;
				LD_RUNPATH_SEARCH_PATHS = "$(inherited) @executable_path/Frameworks @loader_path/Frameworks";
				PRODUCT_BUNDLE_IDENTIFIER = com.example.kli.RackScoutUITests;
				PRODUCT_NAME = "$(TARGET_NAME)";
				TEST_TARGET_NAME = RackScout;
				USES_XCTRUNNER = YES;
			};
			name = Debug;
		};
		1E8DB12E1C826C7A0014BEFC /* Release */ = {
			isa = XCBuildConfiguration;
			buildSettings = {
				INFOPLIST_FILE = RackScoutUITests/Info.plist;
				LD_RUNPATH_SEARCH_PATHS = "$(inherited) @executable_path/Frameworks @loader_path/Frameworks";
				PRODUCT_BUNDLE_IDENTIFIER = com.example.kli.RackScoutUITests;
				PRODUCT_NAME = "$(TARGET_NAME)";
				TEST_TARGET_NAME = RackScout;
				USES_XCTRUNNER = YES;
			};
			name = Release;
		};
/* End XCBuildConfiguration section */

/* Begin XCConfigurationList section */
		1E8DB0F91C826C7A0014BEFC /* Build configuration list for PBXProject "RackScout" */ = {
			isa = XCConfigurationList;
			buildConfigurations = (
				1E8DB1241C826C7A0014BEFC /* Debug */,
				1E8DB1251C826C7A0014BEFC /* Release */,
			);
			defaultConfigurationIsVisible = 0;
			defaultConfigurationName = Release;
		};
		1E8DB1261C826C7A0014BEFC /* Build configuration list for PBXNativeTarget "RackScout" */ = {
			isa = XCConfigurationList;
			buildConfigurations = (
				1E8DB1271C826C7A0014BEFC /* Debug */,
				1E8DB1281C826C7A0014BEFC /* Release */,
			);
			defaultConfigurationIsVisible = 0;
			defaultConfigurationName = Release;
		};
		1E8DB1291C826C7A0014BEFC /* Build configuration list for PBXNativeTarget "RackScoutTests" */ = {
			isa = XCConfigurationList;
			buildConfigurations = (
				1E8DB12A1C826C7A0014BEFC /* Debug */,
				1E8DB12B1C826C7A0014BEFC /* Release */,
			);
			defaultConfigurationIsVisible = 0;
			defaultConfigurationName = Release;
		};
		1E8DB12C1C826C7A0014BEFC /* Build configuration list for PBXNativeTarget "RackScoutUITests" */ = {
			isa = XCConfigurationList;
			buildConfigurations = (
				1E8DB12D1C826C7A0014BEFC /* Debug */,
				1E8DB12E1C826C7A0014BEFC /* Release */,
			);
			defaultConfigurationIsVisible = 0;
			defaultConfigurationName = Release;
		};
/* End XCConfigurationList section */
	};
	rootObject = 1E8DB0F61C826C7A0014BEFC /* Project object */;
}
